
Microsoft Visual Studio Solution File, Format Version 12.00
# Visual Studio 15
VisualStudioVersion = 15.0.27428.2043
MinimumVisualStudioVersion = 10.0.40219.1
Project("{FAE04EC0-301F-11D3-BF4B-00C04F79EFBC}") = "ViaCinema.Model", "VIA_Cinema\ViaCinema.Model.csproj", "{7E5BDCD4-8461-468A-B23C-7243DB6A2BC6}"
EndProject
Project("{FAE04EC0-301F-11D3-BF4B-00C04F79EFBC}") = "ViaPay.Model", "Model_VIA_Pay\ViaPay.Model.csproj", "{010CED38-595A-4CAE-BE12-A46D08852AF5}"
EndProject
Project("{FAE04EC0-301F-11D3-BF4B-00C04F79EFBC}") = "ViaCinema.Services", "Services_VIA_Cinema\ViaCinema.Services.csproj", "{81BDE2BC-DAB5-4DDF-8E88-43933EA5B379}"
EndProject
Project("{FAE04EC0-301F-11D3-BF4B-00C04F79EFBC}") = "ViaCinema.Services.Proxies", "ViaCinema.Services.Proxies\ViaCinema.Services.Proxies.csproj", "{D1312C68-E29C-455D-B81C-BF5A9B1B695B}"
	ProjectSection(ProjectDependencies) = postProject
		{81BDE2BC-DAB5-4DDF-8E88-43933EA5B379} = {81BDE2BC-DAB5-4DDF-8E88-43933EA5B379}
	EndProjectSection
EndProject
Global
	GlobalSection(SolutionConfigurationPlatforms) = preSolution
		Debug|Any CPU = Debug|Any CPU
		Release|Any CPU = Release|Any CPU
	EndGlobalSection
	GlobalSection(ProjectConfigurationPlatforms) = postSolution
		{7E5BDCD4-8461-468A-B23C-7243DB6A2BC6}.Debug|Any CPU.ActiveCfg = Debug|Any CPU
		{7E5BDCD4-8461-468A-B23C-7243DB6A2BC6}.Debug|Any CPU.Build.0 = Debug|Any CPU
		{7E5BDCD4-8461-468A-B23C-7243DB6A2BC6}.Release|Any CPU.ActiveCfg = Release|Any CPU
		{7E5BDCD4-8461-468A-B23C-7243DB6A2BC6}.Release|Any CPU.Build.0 = Release|Any CPU
		{010CED38-595A-4CAE-BE12-A46D08852AF5}.Debug|Any CPU.ActiveCfg = Debug|Any CPU
		{010CED38-595A-4CAE-BE12-A46D08852AF5}.Debug|Any CPU.Build.0 = Debug|Any CPU
		{010CED38-595A-4CAE-BE12-A46D08852AF5}.Release|Any CPU.ActiveCfg = Release|Any CPU
		{010CED38-595A-4CAE-BE12-A46D08852AF5}.Release|Any CPU.Build.0 = Release|Any CPU
		{81BDE2BC-DAB5-4DDF-8E88-43933EA5B379}.Debug|Any CPU.ActiveCfg = Debug|Any CPU
		{81BDE2BC-DAB5-4DDF-8E88-43933EA5B379}.Debug|Any CPU.Build.0 = Debug|Any CPU
		{81BDE2BC-DAB5-4DDF-8E88-43933EA5B379}.Release|Any CPU.ActiveCfg = Release|Any CPU
		{81BDE2BC-DAB5-4DDF-8E88-43933EA5B379}.Release|Any CPU.Build.0 = Release|Any CPU
		{D1312C68-E29C-455D-B81C-BF5A9B1B695B}.Debug|Any CPU.ActiveCfg = Debug|Any CPU
		{D1312C68-E29C-455D-B81C-BF5A9B1B695B}.Debug|Any CPU.Build.0 = Debug|Any CPU
		{D1312C68-E29C-455D-B81C-BF5A9B1B695B}.Release|Any CPU.ActiveCfg = Release|Any CPU
		{D1312C68-E29C-455D-B81C-BF5A9B1B695B}.Release|Any CPU.Build.0 = Release|Any CPU
	EndGlobalSection
	GlobalSection(SolutionProperties) = preSolution
		HideSolutionNode = FALSE
	EndGlobalSection
	GlobalSection(ExtensibilityGlobals) = postSolution
		SolutionGuid = {4D90FBBC-D872-4C8E-ACFD-D166345FBA8B}
	EndGlobalSection
EndGlobal
