
Microsoft Visual Studio Solution File, Format Version 12.00
# Visual Studio 15
VisualStudioVersion = 15.0.27428.2043
MinimumVisualStudioVersion = 10.0.40219.1
Project("{FAE04EC0-301F-11D3-BF4B-00C04F79EFBC}") = "Model_VIA_Cinema", "VIA_Cinema\Model_VIA_Cinema.csproj", "{7E5BDCD4-8461-468A-B23C-7243DB6A2BC6}"
EndProject
Project("{FAE04EC0-301F-11D3-BF4B-00C04F79EFBC}") = "WebService_VIA_Cinema", "WebService_VIA_Cinema\WebService_VIA_Cinema.csproj", "{3CBF0C08-2C9E-4F12-8D3D-6F1FFB871B65}"
EndProject
Project("{FAE04EC0-301F-11D3-BF4B-00C04F79EFBC}") = "WebApplication_VIA_Cinema", "WebApplication_VIA_Cinema\WebApplication_VIA_Cinema.csproj", "{F72FB2D6-4457-49C5-8F55-BB5AF02814E7}"
	ProjectSection(ProjectDependencies) = postProject
		{3CBF0C08-2C9E-4F12-8D3D-6F1FFB871B65} = {3CBF0C08-2C9E-4F12-8D3D-6F1FFB871B65}
		{FD0C09AA-64FB-4AFB-ADF6-6E4A5FEDD1E5} = {FD0C09AA-64FB-4AFB-ADF6-6E4A5FEDD1E5}
	EndProjectSection
EndProject
Project("{FAE04EC0-301F-11D3-BF4B-00C04F79EFBC}") = "Model_VIA_Pay", "Model_VIA_Pay\Model_VIA_Pay.csproj", "{010CED38-595A-4CAE-BE12-A46D08852AF5}"
EndProject
Project("{FAE04EC0-301F-11D3-BF4B-00C04F79EFBC}") = "WebService_VIA_Pay", "WebService_VIA_Pay\WebService_VIA_Pay.csproj", "{FD0C09AA-64FB-4AFB-ADF6-6E4A5FEDD1E5}"
EndProject
Global
	GlobalSection(SolutionConfigurationPlatforms) = preSolution
		Debug|Any CPU = Debug|Any CPU
		Release|Any CPU = Release|Any CPU
	EndGlobalSection
	GlobalSection(ProjectConfigurationPlatforms) = postSolution
		{7E5BDCD4-8461-468A-B23C-7243DB6A2BC6}.Debug|Any CPU.ActiveCfg = Debug|Any CPU
		{7E5BDCD4-8461-468A-B23C-7243DB6A2BC6}.Debug|Any CPU.Build.0 = Debug|Any CPU
		{7E5BDCD4-8461-468A-B23C-7243DB6A2BC6}.Release|Any CPU.ActiveCfg = Release|Any CPU
		{7E5BDCD4-8461-468A-B23C-7243DB6A2BC6}.Release|Any CPU.Build.0 = Release|Any CPU
		{3CBF0C08-2C9E-4F12-8D3D-6F1FFB871B65}.Debug|Any CPU.ActiveCfg = Debug|Any CPU
		{3CBF0C08-2C9E-4F12-8D3D-6F1FFB871B65}.Debug|Any CPU.Build.0 = Debug|Any CPU
		{3CBF0C08-2C9E-4F12-8D3D-6F1FFB871B65}.Release|Any CPU.ActiveCfg = Release|Any CPU
		{3CBF0C08-2C9E-4F12-8D3D-6F1FFB871B65}.Release|Any CPU.Build.0 = Release|Any CPU
		{F72FB2D6-4457-49C5-8F55-BB5AF02814E7}.Debug|Any CPU.ActiveCfg = Debug|Any CPU
		{F72FB2D6-4457-49C5-8F55-BB5AF02814E7}.Debug|Any CPU.Build.0 = Debug|Any CPU
		{F72FB2D6-4457-49C5-8F55-BB5AF02814E7}.Release|Any CPU.ActiveCfg = Release|Any CPU
		{F72FB2D6-4457-49C5-8F55-BB5AF02814E7}.Release|Any CPU.Build.0 = Release|Any CPU
		{010CED38-595A-4CAE-BE12-A46D08852AF5}.Debug|Any CPU.ActiveCfg = Debug|Any CPU
		{010CED38-595A-4CAE-BE12-A46D08852AF5}.Debug|Any CPU.Build.0 = Debug|Any CPU
		{010CED38-595A-4CAE-BE12-A46D08852AF5}.Release|Any CPU.ActiveCfg = Release|Any CPU
		{010CED38-595A-4CAE-BE12-A46D08852AF5}.Release|Any CPU.Build.0 = Release|Any CPU
		{FD0C09AA-64FB-4AFB-ADF6-6E4A5FEDD1E5}.Debug|Any CPU.ActiveCfg = Debug|Any CPU
		{FD0C09AA-64FB-4AFB-ADF6-6E4A5FEDD1E5}.Debug|Any CPU.Build.0 = Debug|Any CPU
		{FD0C09AA-64FB-4AFB-ADF6-6E4A5FEDD1E5}.Release|Any CPU.ActiveCfg = Release|Any CPU
		{FD0C09AA-64FB-4AFB-ADF6-6E4A5FEDD1E5}.Release|Any CPU.Build.0 = Release|Any CPU
	EndGlobalSection
	GlobalSection(SolutionProperties) = preSolution
		HideSolutionNode = FALSE
	EndGlobalSection
	GlobalSection(ExtensibilityGlobals) = postSolution
		SolutionGuid = {4D90FBBC-D872-4C8E-ACFD-D166345FBA8B}
	EndGlobalSection
EndGlobal
